{
  "autofirma.clienteafirma.dependencies.jmulticard": {
    "hash": "sha256-WdS495pgDaIp0TmQGx58Q3MBaz96tgHb7uCcz2VkwlA="
  },
  "autofirma.clienteafirma.dependencies.clienteafirma-external": {
    "hash": "sha256-rDW4RGX3i2LmDqk7jJzLG5BNu2WuQVqGp/FIfTL+e0k="
  },
  "autofirma.clienteafirma": {
    "hash": "sha256-rjUxDRlaxBjfjnVnwiclrt3wuq6yO8wfqv2gH/9Pfnc=",
    "dependencies": [
      "autofirma.clienteafirma.dependencies.jmulticard",
      "autofirma.clienteafirma.dependencies.clienteafirma-external"
    ]
  }
}
