{
  "autofirma.clienteafirma.dependencies.jmulticard": {
    "hash": "sha256-WdS495pgDaIp0TmQGx58Q3MBaz96tgHb7uCcz2VkwlA="
  },
  "autofirma.clienteafirma.dependencies.clienteafirma-external": {
    "hash": "sha256-fSVnB5JRmJlRGDd+KWAQnOrWW54J93IzsHFX/ZQ1Fv8="
  },
  "autofirma.clienteafirma": {
    "hash": "sha256-x0uECG5RrRmp12XVmjUa1C5t2gjZH0dUBBDqs7hoLAA=",
    "dependencies": [
      "autofirma.clienteafirma.dependencies.jmulticard",
      "autofirma.clienteafirma.dependencies.clienteafirma-external"
    ]
  }
}
